
Microsoft Visual Studio Solution File, Format Version 12.00
# Visual Studio Version 16
VisualStudioVersion = 16.0.31019.35
MinimumVisualStudioVersion = 10.0.40219.1
Project("{FAE04EC0-301F-11D3-BF4B-00C04F79EFBC}") = "MigracionSeriesBlob", "MigracionSeriesBlob\MigracionSeriesBlob.csproj", "{ED44A9B0-A861-4CC0-97B4-13B5D01B85D4}"
EndProject
Global
	GlobalSection(SolutionConfigurationPlatforms) = preSolution
		Debug|Any CPU = Debug|Any CPU
		Release|Any CPU = Release|Any CPU
	EndGlobalSection
	GlobalSection(ProjectConfigurationPlatforms) = postSolution
		{ED44A9B0-A861-4CC0-97B4-13B5D01B85D4}.Debug|Any CPU.ActiveCfg = Debug|Any CPU
		{ED44A9B0-A861-4CC0-97B4-13B5D01B85D4}.Debug|Any CPU.Build.0 = Debug|Any CPU
		{ED44A9B0-A861-4CC0-97B4-13B5D01B85D4}.Release|Any CPU.ActiveCfg = Release|Any CPU
		{ED44A9B0-A861-4CC0-97B4-13B5D01B85D4}.Release|Any CPU.Build.0 = Release|Any CPU
	EndGlobalSection
	GlobalSection(SolutionProperties) = preSolution
		HideSolutionNode = FALSE
	EndGlobalSection
	GlobalSection(ExtensibilityGlobals) = postSolution
		SolutionGuid = {77B86CFE-5B59-4700-B3B8-D772E7F4C812}
	EndGlobalSection
EndGlobal
